
Microsoft Visual Studio Solution File, Format Version 12.00
# Visual Studio Version 16
VisualStudioVersion = 16.0.32228.343
MinimumVisualStudioVersion = 10.0.40219.1
Project("{FAE04EC0-301F-11D3-BF4B-00C04F79EFBC}") = "gamerek2", "gamerek2\gamerek2.csproj", "{342A5BA6-DD68-4B5C-B2AC-52D90751C399}"
EndProject
Global
	GlobalSection(SolutionConfigurationPlatforms) = preSolution
		Debug|Any CPU = Debug|Any CPU
		Release|Any CPU = Release|Any CPU
	EndGlobalSection
	GlobalSection(ProjectConfigurationPlatforms) = postSolution
		{342A5BA6-DD68-4B5C-B2AC-52D90751C399}.Debug|Any CPU.ActiveCfg = Debug|Any CPU
		{342A5BA6-DD68-4B5C-B2AC-52D90751C399}.Debug|Any CPU.Build.0 = Debug|Any CPU
		{342A5BA6-DD68-4B5C-B2AC-52D90751C399}.Release|Any CPU.ActiveCfg = Release|Any CPU
		{342A5BA6-DD68-4B5C-B2AC-52D90751C399}.Release|Any CPU.Build.0 = Release|Any CPU
	EndGlobalSection
	GlobalSection(SolutionProperties) = preSolution
		HideSolutionNode = FALSE
	EndGlobalSection
	GlobalSection(ExtensibilityGlobals) = postSolution
		SolutionGuid = {D7630FC7-065B-4EA5-A9EC-B6C9E0CBFCAD}
	EndGlobalSection
EndGlobal
